
Microsoft Visual Studio Solution File, Format Version 12.00
# Visual Studio 15
VisualStudioVersion = 15.0.28010.2036
MinimumVisualStudioVersion = 10.0.40219.1
Project("{8BC9CEB8-8B4A-11D0-8D11-00A0C91BC942}") = "4-1", "4-1\4-1.vcxproj", "{404E69BA-425D-46D7-8786-F4455C95355F}"
EndProject
Project("{8BC9CEB8-8B4A-11D0-8D11-00A0C91BC942}") = "4-2", "1-2\1-2.vcxproj", "{6F1D2E61-EF9F-4245-A0A1-2EE60A9E9AE7}"
EndProject
Project("{8BC9CEB8-8B4A-11D0-8D11-00A0C91BC942}") = "4-3", "4-3\4-3.vcxproj", "{2EC90CB9-1359-46CB-8D78-BE7EC9AE938A}"
EndProject
Project("{8BC9CEB8-8B4A-11D0-8D11-00A0C91BC942}") = "4-4", "4-4\4-4.vcxproj", "{80A0AAFA-1286-4349-8D1E-7673A96E6861}"
EndProject
Global
	GlobalSection(SolutionConfigurationPlatforms) = preSolution
		Debug|x64 = Debug|x64
		Debug|x86 = Debug|x86
		Release|x64 = Release|x64
		Release|x86 = Release|x86
	EndGlobalSection
	GlobalSection(ProjectConfigurationPlatforms) = postSolution
		{404E69BA-425D-46D7-8786-F4455C95355F}.Debug|x64.ActiveCfg = Debug|x64
		{404E69BA-425D-46D7-8786-F4455C95355F}.Debug|x64.Build.0 = Debug|x64
		{404E69BA-425D-46D7-8786-F4455C95355F}.Debug|x86.ActiveCfg = Debug|Win32
		{404E69BA-425D-46D7-8786-F4455C95355F}.Debug|x86.Build.0 = Debug|Win32
		{404E69BA-425D-46D7-8786-F4455C95355F}.Release|x64.ActiveCfg = Release|x64
		{404E69BA-425D-46D7-8786-F4455C95355F}.Release|x64.Build.0 = Release|x64
		{404E69BA-425D-46D7-8786-F4455C95355F}.Release|x86.ActiveCfg = Release|Win32
		{404E69BA-425D-46D7-8786-F4455C95355F}.Release|x86.Build.0 = Release|Win32
		{6F1D2E61-EF9F-4245-A0A1-2EE60A9E9AE7}.Debug|x64.ActiveCfg = Debug|x64
		{6F1D2E61-EF9F-4245-A0A1-2EE60A9E9AE7}.Debug|x64.Build.0 = Debug|x64
		{6F1D2E61-EF9F-4245-A0A1-2EE60A9E9AE7}.Debug|x86.ActiveCfg = Debug|Win32
		{6F1D2E61-EF9F-4245-A0A1-2EE60A9E9AE7}.Debug|x86.Build.0 = Debug|Win32
		{6F1D2E61-EF9F-4245-A0A1-2EE60A9E9AE7}.Release|x64.ActiveCfg = Release|x64
		{6F1D2E61-EF9F-4245-A0A1-2EE60A9E9AE7}.Release|x64.Build.0 = Release|x64
		{6F1D2E61-EF9F-4245-A0A1-2EE60A9E9AE7}.Release|x86.ActiveCfg = Release|Win32
		{6F1D2E61-EF9F-4245-A0A1-2EE60A9E9AE7}.Release|x86.Build.0 = Release|Win32
		{2EC90CB9-1359-46CB-8D78-BE7EC9AE938A}.Debug|x64.ActiveCfg = Debug|x64
		{2EC90CB9-1359-46CB-8D78-BE7EC9AE938A}.Debug|x64.Build.0 = Debug|x64
		{2EC90CB9-1359-46CB-8D78-BE7EC9AE938A}.Debug|x86.ActiveCfg = Debug|Win32
		{2EC90CB9-1359-46CB-8D78-BE7EC9AE938A}.Debug|x86.Build.0 = Debug|Win32
		{2EC90CB9-1359-46CB-8D78-BE7EC9AE938A}.Release|x64.ActiveCfg = Release|x64
		{2EC90CB9-1359-46CB-8D78-BE7EC9AE938A}.Release|x64.Build.0 = Release|x64
		{2EC90CB9-1359-46CB-8D78-BE7EC9AE938A}.Release|x86.ActiveCfg = Release|Win32
		{2EC90CB9-1359-46CB-8D78-BE7EC9AE938A}.Release|x86.Build.0 = Release|Win32
		{80A0AAFA-1286-4349-8D1E-7673A96E6861}.Debug|x64.ActiveCfg = Debug|x64
		{80A0AAFA-1286-4349-8D1E-7673A96E6861}.Debug|x64.Build.0 = Debug|x64
		{80A0AAFA-1286-4349-8D1E-7673A96E6861}.Debug|x86.ActiveCfg = Debug|Win32
		{80A0AAFA-1286-4349-8D1E-7673A96E6861}.Debug|x86.Build.0 = Debug|Win32
		{80A0AAFA-1286-4349-8D1E-7673A96E6861}.Release|x64.ActiveCfg = Release|x64
		{80A0AAFA-1286-4349-8D1E-7673A96E6861}.Release|x64.Build.0 = Release|x64
		{80A0AAFA-1286-4349-8D1E-7673A96E6861}.Release|x86.ActiveCfg = Release|Win32
		{80A0AAFA-1286-4349-8D1E-7673A96E6861}.Release|x86.Build.0 = Release|Win32
	EndGlobalSection
	GlobalSection(SolutionProperties) = preSolution
		HideSolutionNode = FALSE
	EndGlobalSection
	GlobalSection(ExtensibilityGlobals) = postSolution
		SolutionGuid = {266D5AEC-B5FD-4F9F-9A72-951A11C46C65}
	EndGlobalSection
EndGlobal
