
Microsoft Visual Studio Solution File, Format Version 12.00
# Visual Studio 15
VisualStudioVersion = 15.0.28010.2036
MinimumVisualStudioVersion = 10.0.40219.1
Project("{8BC9CEB8-8B4A-11D0-8D11-00A0C91BC942}") = "10-1", "10-1\10-1.vcxproj", "{EFBA18EF-F23F-48B1-86C4-1613344863F8}"
EndProject
Project("{8BC9CEB8-8B4A-11D0-8D11-00A0C91BC942}") = "10-2", "10-2\10-2.vcxproj", "{8126A78F-17D6-46D1-89BC-2F885EFFC7AC}"
EndProject
Project("{8BC9CEB8-8B4A-11D0-8D11-00A0C91BC942}") = "10-3", "10-3\10-3.vcxproj", "{7C8BC8F4-EC6B-4639-B139-A207A9217E05}"
EndProject
Project("{8BC9CEB8-8B4A-11D0-8D11-00A0C91BC942}") = "10-4", "10-4\10-4.vcxproj", "{0821338F-07F7-4F69-9B09-000775E04C85}"
EndProject
Project("{8BC9CEB8-8B4A-11D0-8D11-00A0C91BC942}") = "10-5", "10-5\10-5.vcxproj", "{204C1A8D-183F-4E3A-9E33-EDB39A2FBDA8}"
EndProject
Project("{8BC9CEB8-8B4A-11D0-8D11-00A0C91BC942}") = "10-7", "10-7\10-7.vcxproj", "{966E327C-F92F-4870-B1B8-868ECDCAE815}"
EndProject
Project("{8BC9CEB8-8B4A-11D0-8D11-00A0C91BC942}") = "10-8", "10-8\10-8.vcxproj", "{4CA479E7-5822-4AA1-878E-3F5567049B39}"
EndProject
Project("{8BC9CEB8-8B4A-11D0-8D11-00A0C91BC942}") = "10-9", "10-9\10-9.vcxproj", "{1591D4E1-5210-4821-8B7F-2D59EF2238FB}"
EndProject
Global
	GlobalSection(SolutionConfigurationPlatforms) = preSolution
		Debug|x64 = Debug|x64
		Debug|x86 = Debug|x86
		Release|x64 = Release|x64
		Release|x86 = Release|x86
	EndGlobalSection
	GlobalSection(ProjectConfigurationPlatforms) = postSolution
		{EFBA18EF-F23F-48B1-86C4-1613344863F8}.Debug|x64.ActiveCfg = Debug|x64
		{EFBA18EF-F23F-48B1-86C4-1613344863F8}.Debug|x64.Build.0 = Debug|x64
		{EFBA18EF-F23F-48B1-86C4-1613344863F8}.Debug|x86.ActiveCfg = Debug|Win32
		{EFBA18EF-F23F-48B1-86C4-1613344863F8}.Debug|x86.Build.0 = Debug|Win32
		{EFBA18EF-F23F-48B1-86C4-1613344863F8}.Release|x64.ActiveCfg = Release|x64
		{EFBA18EF-F23F-48B1-86C4-1613344863F8}.Release|x64.Build.0 = Release|x64
		{EFBA18EF-F23F-48B1-86C4-1613344863F8}.Release|x86.ActiveCfg = Release|Win32
		{EFBA18EF-F23F-48B1-86C4-1613344863F8}.Release|x86.Build.0 = Release|Win32
		{8126A78F-17D6-46D1-89BC-2F885EFFC7AC}.Debug|x64.ActiveCfg = Debug|x64
		{8126A78F-17D6-46D1-89BC-2F885EFFC7AC}.Debug|x64.Build.0 = Debug|x64
		{8126A78F-17D6-46D1-89BC-2F885EFFC7AC}.Debug|x86.ActiveCfg = Debug|Win32
		{8126A78F-17D6-46D1-89BC-2F885EFFC7AC}.Debug|x86.Build.0 = Debug|Win32
		{8126A78F-17D6-46D1-89BC-2F885EFFC7AC}.Release|x64.ActiveCfg = Release|x64
		{8126A78F-17D6-46D1-89BC-2F885EFFC7AC}.Release|x64.Build.0 = Release|x64
		{8126A78F-17D6-46D1-89BC-2F885EFFC7AC}.Release|x86.ActiveCfg = Release|Win32
		{8126A78F-17D6-46D1-89BC-2F885EFFC7AC}.Release|x86.Build.0 = Release|Win32
		{7C8BC8F4-EC6B-4639-B139-A207A9217E05}.Debug|x64.ActiveCfg = Debug|x64
		{7C8BC8F4-EC6B-4639-B139-A207A9217E05}.Debug|x64.Build.0 = Debug|x64
		{7C8BC8F4-EC6B-4639-B139-A207A9217E05}.Debug|x86.ActiveCfg = Debug|Win32
		{7C8BC8F4-EC6B-4639-B139-A207A9217E05}.Debug|x86.Build.0 = Debug|Win32
		{7C8BC8F4-EC6B-4639-B139-A207A9217E05}.Release|x64.ActiveCfg = Release|x64
		{7C8BC8F4-EC6B-4639-B139-A207A9217E05}.Release|x64.Build.0 = Release|x64
		{7C8BC8F4-EC6B-4639-B139-A207A9217E05}.Release|x86.ActiveCfg = Release|Win32
		{7C8BC8F4-EC6B-4639-B139-A207A9217E05}.Release|x86.Build.0 = Release|Win32
		{0821338F-07F7-4F69-9B09-000775E04C85}.Debug|x64.ActiveCfg = Debug|x64
		{0821338F-07F7-4F69-9B09-000775E04C85}.Debug|x64.Build.0 = Debug|x64
		{0821338F-07F7-4F69-9B09-000775E04C85}.Debug|x86.ActiveCfg = Debug|Win32
		{0821338F-07F7-4F69-9B09-000775E04C85}.Debug|x86.Build.0 = Debug|Win32
		{0821338F-07F7-4F69-9B09-000775E04C85}.Release|x64.ActiveCfg = Release|x64
		{0821338F-07F7-4F69-9B09-000775E04C85}.Release|x64.Build.0 = Release|x64
		{0821338F-07F7-4F69-9B09-000775E04C85}.Release|x86.ActiveCfg = Release|Win32
		{0821338F-07F7-4F69-9B09-000775E04C85}.Release|x86.Build.0 = Release|Win32
		{204C1A8D-183F-4E3A-9E33-EDB39A2FBDA8}.Debug|x64.ActiveCfg = Debug|x64
		{204C1A8D-183F-4E3A-9E33-EDB39A2FBDA8}.Debug|x64.Build.0 = Debug|x64
		{204C1A8D-183F-4E3A-9E33-EDB39A2FBDA8}.Debug|x86.ActiveCfg = Debug|Win32
		{204C1A8D-183F-4E3A-9E33-EDB39A2FBDA8}.Debug|x86.Build.0 = Debug|Win32
		{204C1A8D-183F-4E3A-9E33-EDB39A2FBDA8}.Release|x64.ActiveCfg = Release|x64
		{204C1A8D-183F-4E3A-9E33-EDB39A2FBDA8}.Release|x64.Build.0 = Release|x64
		{204C1A8D-183F-4E3A-9E33-EDB39A2FBDA8}.Release|x86.ActiveCfg = Release|Win32
		{204C1A8D-183F-4E3A-9E33-EDB39A2FBDA8}.Release|x86.Build.0 = Release|Win32
		{966E327C-F92F-4870-B1B8-868ECDCAE815}.Debug|x64.ActiveCfg = Debug|x64
		{966E327C-F92F-4870-B1B8-868ECDCAE815}.Debug|x64.Build.0 = Debug|x64
		{966E327C-F92F-4870-B1B8-868ECDCAE815}.Debug|x86.ActiveCfg = Debug|Win32
		{966E327C-F92F-4870-B1B8-868ECDCAE815}.Debug|x86.Build.0 = Debug|Win32
		{966E327C-F92F-4870-B1B8-868ECDCAE815}.Release|x64.ActiveCfg = Release|x64
		{966E327C-F92F-4870-B1B8-868ECDCAE815}.Release|x64.Build.0 = Release|x64
		{966E327C-F92F-4870-B1B8-868ECDCAE815}.Release|x86.ActiveCfg = Release|Win32
		{966E327C-F92F-4870-B1B8-868ECDCAE815}.Release|x86.Build.0 = Release|Win32
		{4CA479E7-5822-4AA1-878E-3F5567049B39}.Debug|x64.ActiveCfg = Debug|x64
		{4CA479E7-5822-4AA1-878E-3F5567049B39}.Debug|x64.Build.0 = Debug|x64
		{4CA479E7-5822-4AA1-878E-3F5567049B39}.Debug|x86.ActiveCfg = Debug|Win32
		{4CA479E7-5822-4AA1-878E-3F5567049B39}.Debug|x86.Build.0 = Debug|Win32
		{4CA479E7-5822-4AA1-878E-3F5567049B39}.Release|x64.ActiveCfg = Release|x64
		{4CA479E7-5822-4AA1-878E-3F5567049B39}.Release|x64.Build.0 = Release|x64
		{4CA479E7-5822-4AA1-878E-3F5567049B39}.Release|x86.ActiveCfg = Release|Win32
		{4CA479E7-5822-4AA1-878E-3F5567049B39}.Release|x86.Build.0 = Release|Win32
		{1591D4E1-5210-4821-8B7F-2D59EF2238FB}.Debug|x64.ActiveCfg = Debug|x64
		{1591D4E1-5210-4821-8B7F-2D59EF2238FB}.Debug|x64.Build.0 = Debug|x64
		{1591D4E1-5210-4821-8B7F-2D59EF2238FB}.Debug|x86.ActiveCfg = Debug|Win32
		{1591D4E1-5210-4821-8B7F-2D59EF2238FB}.Debug|x86.Build.0 = Debug|Win32
		{1591D4E1-5210-4821-8B7F-2D59EF2238FB}.Release|x64.ActiveCfg = Release|x64
		{1591D4E1-5210-4821-8B7F-2D59EF2238FB}.Release|x64.Build.0 = Release|x64
		{1591D4E1-5210-4821-8B7F-2D59EF2238FB}.Release|x86.ActiveCfg = Release|Win32
		{1591D4E1-5210-4821-8B7F-2D59EF2238FB}.Release|x86.Build.0 = Release|Win32
	EndGlobalSection
	GlobalSection(SolutionProperties) = preSolution
		HideSolutionNode = FALSE
	EndGlobalSection
	GlobalSection(ExtensibilityGlobals) = postSolution
		SolutionGuid = {5C6ABE8F-2842-4F78-A34E-802A2C2662D5}
	EndGlobalSection
EndGlobal
