
Microsoft Visual Studio Solution File, Format Version 12.00
# Visual Studio 15
VisualStudioVersion = 15.0.28010.2036
MinimumVisualStudioVersion = 10.0.40219.1
Project("{8BC9CEB8-8B4A-11D0-8D11-00A0C91BC942}") = "5-2", "5-2\5-2.vcxproj", "{48E83CD9-48DB-4AC3-BEF0-68F73616A50C}"
EndProject
Project("{8BC9CEB8-8B4A-11D0-8D11-00A0C91BC942}") = "5-3", "5-3\5-3.vcxproj", "{4E0198F4-65D2-4CDE-89CC-569DD3717380}"
EndProject
Project("{8BC9CEB8-8B4A-11D0-8D11-00A0C91BC942}") = "5-4", "5-4\5-4.vcxproj", "{8342F9C1-7719-4D5D-B96C-3EF2BC24A317}"
EndProject
Project("{8BC9CEB8-8B4A-11D0-8D11-00A0C91BC942}") = "5-5", "5-5\5-5.vcxproj", "{9074EDED-2648-442E-80CA-AE6886C557BA}"
EndProject
Project("{8BC9CEB8-8B4A-11D0-8D11-00A0C91BC942}") = "5-6", "5-6\5-6.vcxproj", "{0C4F923F-BC89-4EC0-BFF1-AA5065A87451}"
EndProject
Project("{8BC9CEB8-8B4A-11D0-8D11-00A0C91BC942}") = "5-8", "5-8\5-8.vcxproj", "{8D8DE053-435B-4A86-81C6-A0BF9AAD8DE6}"
EndProject
Project("{8BC9CEB8-8B4A-11D0-8D11-00A0C91BC942}") = "5-9", "5-9\5-9.vcxproj", "{79ADE2B6-B036-4553-A9A8-B943A8897270}"
EndProject
Project("{8BC9CEB8-8B4A-11D0-8D11-00A0C91BC942}") = "5-10", "5-10\5-10.vcxproj", "{903D9C03-5C2C-4B50-9467-7920AECE9A03}"
EndProject
Global
	GlobalSection(SolutionConfigurationPlatforms) = preSolution
		Debug|x64 = Debug|x64
		Debug|x86 = Debug|x86
		Release|x64 = Release|x64
		Release|x86 = Release|x86
	EndGlobalSection
	GlobalSection(ProjectConfigurationPlatforms) = postSolution
		{48E83CD9-48DB-4AC3-BEF0-68F73616A50C}.Debug|x64.ActiveCfg = Debug|x64
		{48E83CD9-48DB-4AC3-BEF0-68F73616A50C}.Debug|x64.Build.0 = Debug|x64
		{48E83CD9-48DB-4AC3-BEF0-68F73616A50C}.Debug|x86.ActiveCfg = Debug|Win32
		{48E83CD9-48DB-4AC3-BEF0-68F73616A50C}.Debug|x86.Build.0 = Debug|Win32
		{48E83CD9-48DB-4AC3-BEF0-68F73616A50C}.Release|x64.ActiveCfg = Release|x64
		{48E83CD9-48DB-4AC3-BEF0-68F73616A50C}.Release|x64.Build.0 = Release|x64
		{48E83CD9-48DB-4AC3-BEF0-68F73616A50C}.Release|x86.ActiveCfg = Release|Win32
		{48E83CD9-48DB-4AC3-BEF0-68F73616A50C}.Release|x86.Build.0 = Release|Win32
		{4E0198F4-65D2-4CDE-89CC-569DD3717380}.Debug|x64.ActiveCfg = Debug|x64
		{4E0198F4-65D2-4CDE-89CC-569DD3717380}.Debug|x64.Build.0 = Debug|x64
		{4E0198F4-65D2-4CDE-89CC-569DD3717380}.Debug|x86.ActiveCfg = Debug|Win32
		{4E0198F4-65D2-4CDE-89CC-569DD3717380}.Debug|x86.Build.0 = Debug|Win32
		{4E0198F4-65D2-4CDE-89CC-569DD3717380}.Release|x64.ActiveCfg = Release|x64
		{4E0198F4-65D2-4CDE-89CC-569DD3717380}.Release|x64.Build.0 = Release|x64
		{4E0198F4-65D2-4CDE-89CC-569DD3717380}.Release|x86.ActiveCfg = Release|Win32
		{4E0198F4-65D2-4CDE-89CC-569DD3717380}.Release|x86.Build.0 = Release|Win32
		{8342F9C1-7719-4D5D-B96C-3EF2BC24A317}.Debug|x64.ActiveCfg = Debug|x64
		{8342F9C1-7719-4D5D-B96C-3EF2BC24A317}.Debug|x64.Build.0 = Debug|x64
		{8342F9C1-7719-4D5D-B96C-3EF2BC24A317}.Debug|x86.ActiveCfg = Debug|Win32
		{8342F9C1-7719-4D5D-B96C-3EF2BC24A317}.Debug|x86.Build.0 = Debug|Win32
		{8342F9C1-7719-4D5D-B96C-3EF2BC24A317}.Release|x64.ActiveCfg = Release|x64
		{8342F9C1-7719-4D5D-B96C-3EF2BC24A317}.Release|x64.Build.0 = Release|x64
		{8342F9C1-7719-4D5D-B96C-3EF2BC24A317}.Release|x86.ActiveCfg = Release|Win32
		{8342F9C1-7719-4D5D-B96C-3EF2BC24A317}.Release|x86.Build.0 = Release|Win32
		{9074EDED-2648-442E-80CA-AE6886C557BA}.Debug|x64.ActiveCfg = Debug|x64
		{9074EDED-2648-442E-80CA-AE6886C557BA}.Debug|x64.Build.0 = Debug|x64
		{9074EDED-2648-442E-80CA-AE6886C557BA}.Debug|x86.ActiveCfg = Debug|Win32
		{9074EDED-2648-442E-80CA-AE6886C557BA}.Debug|x86.Build.0 = Debug|Win32
		{9074EDED-2648-442E-80CA-AE6886C557BA}.Release|x64.ActiveCfg = Release|x64
		{9074EDED-2648-442E-80CA-AE6886C557BA}.Release|x64.Build.0 = Release|x64
		{9074EDED-2648-442E-80CA-AE6886C557BA}.Release|x86.ActiveCfg = Release|Win32
		{9074EDED-2648-442E-80CA-AE6886C557BA}.Release|x86.Build.0 = Release|Win32
		{0C4F923F-BC89-4EC0-BFF1-AA5065A87451}.Debug|x64.ActiveCfg = Debug|x64
		{0C4F923F-BC89-4EC0-BFF1-AA5065A87451}.Debug|x64.Build.0 = Debug|x64
		{0C4F923F-BC89-4EC0-BFF1-AA5065A87451}.Debug|x86.ActiveCfg = Debug|Win32
		{0C4F923F-BC89-4EC0-BFF1-AA5065A87451}.Debug|x86.Build.0 = Debug|Win32
		{0C4F923F-BC89-4EC0-BFF1-AA5065A87451}.Release|x64.ActiveCfg = Release|x64
		{0C4F923F-BC89-4EC0-BFF1-AA5065A87451}.Release|x64.Build.0 = Release|x64
		{0C4F923F-BC89-4EC0-BFF1-AA5065A87451}.Release|x86.ActiveCfg = Release|Win32
		{0C4F923F-BC89-4EC0-BFF1-AA5065A87451}.Release|x86.Build.0 = Release|Win32
		{8D8DE053-435B-4A86-81C6-A0BF9AAD8DE6}.Debug|x64.ActiveCfg = Debug|x64
		{8D8DE053-435B-4A86-81C6-A0BF9AAD8DE6}.Debug|x64.Build.0 = Debug|x64
		{8D8DE053-435B-4A86-81C6-A0BF9AAD8DE6}.Debug|x86.ActiveCfg = Debug|Win32
		{8D8DE053-435B-4A86-81C6-A0BF9AAD8DE6}.Debug|x86.Build.0 = Debug|Win32
		{8D8DE053-435B-4A86-81C6-A0BF9AAD8DE6}.Release|x64.ActiveCfg = Release|x64
		{8D8DE053-435B-4A86-81C6-A0BF9AAD8DE6}.Release|x64.Build.0 = Release|x64
		{8D8DE053-435B-4A86-81C6-A0BF9AAD8DE6}.Release|x86.ActiveCfg = Release|Win32
		{8D8DE053-435B-4A86-81C6-A0BF9AAD8DE6}.Release|x86.Build.0 = Release|Win32
		{79ADE2B6-B036-4553-A9A8-B943A8897270}.Debug|x64.ActiveCfg = Debug|x64
		{79ADE2B6-B036-4553-A9A8-B943A8897270}.Debug|x64.Build.0 = Debug|x64
		{79ADE2B6-B036-4553-A9A8-B943A8897270}.Debug|x86.ActiveCfg = Debug|Win32
		{79ADE2B6-B036-4553-A9A8-B943A8897270}.Debug|x86.Build.0 = Debug|Win32
		{79ADE2B6-B036-4553-A9A8-B943A8897270}.Release|x64.ActiveCfg = Release|x64
		{79ADE2B6-B036-4553-A9A8-B943A8897270}.Release|x64.Build.0 = Release|x64
		{79ADE2B6-B036-4553-A9A8-B943A8897270}.Release|x86.ActiveCfg = Release|Win32
		{79ADE2B6-B036-4553-A9A8-B943A8897270}.Release|x86.Build.0 = Release|Win32
		{903D9C03-5C2C-4B50-9467-7920AECE9A03}.Debug|x64.ActiveCfg = Debug|x64
		{903D9C03-5C2C-4B50-9467-7920AECE9A03}.Debug|x64.Build.0 = Debug|x64
		{903D9C03-5C2C-4B50-9467-7920AECE9A03}.Debug|x86.ActiveCfg = Debug|Win32
		{903D9C03-5C2C-4B50-9467-7920AECE9A03}.Debug|x86.Build.0 = Debug|Win32
		{903D9C03-5C2C-4B50-9467-7920AECE9A03}.Release|x64.ActiveCfg = Release|x64
		{903D9C03-5C2C-4B50-9467-7920AECE9A03}.Release|x64.Build.0 = Release|x64
		{903D9C03-5C2C-4B50-9467-7920AECE9A03}.Release|x86.ActiveCfg = Release|Win32
		{903D9C03-5C2C-4B50-9467-7920AECE9A03}.Release|x86.Build.0 = Release|Win32
	EndGlobalSection
	GlobalSection(SolutionProperties) = preSolution
		HideSolutionNode = FALSE
	EndGlobalSection
	GlobalSection(ExtensibilityGlobals) = postSolution
		SolutionGuid = {C8F90702-A1E5-4240-A28D-F76B90C63B05}
	EndGlobalSection
EndGlobal
