
Microsoft Visual Studio Solution File, Format Version 12.00
# Visual Studio 15
VisualStudioVersion = 15.0.28010.2036
MinimumVisualStudioVersion = 10.0.40219.1
Project("{8BC9CEB8-8B4A-11D0-8D11-00A0C91BC942}") = "open-challenge", "open-challenge\open-challenge.vcxproj", "{82A68601-5EA4-49B1-8277-5A1CA42A015A}"
EndProject
Project("{8BC9CEB8-8B4A-11D0-8D11-00A0C91BC942}") = "2-1", "1-1\1-1.vcxproj", "{53C75A85-81A3-4486-AA14-C2CC5A0F65A7}"
EndProject
Project("{8BC9CEB8-8B4A-11D0-8D11-00A0C91BC942}") = "2-2", "1-2\1-2.vcxproj", "{580A14AC-E832-4E72-BA2F-8988FA05C0FF}"
EndProject
Project("{8BC9CEB8-8B4A-11D0-8D11-00A0C91BC942}") = "2-3", "1-3\1-3.vcxproj", "{7F93F19F-B24F-4226-88CB-0743FACB6F52}"
EndProject
Project("{8BC9CEB8-8B4A-11D0-8D11-00A0C91BC942}") = "2-4", "1-4\1-4.vcxproj", "{95162139-A2EA-42D4-B8E8-841C801F448C}"
EndProject
Project("{8BC9CEB8-8B4A-11D0-8D11-00A0C91BC942}") = "2-5", "1-5\1-5.vcxproj", "{21BB9CCD-6D6C-43A4-97F8-A68BA2795C83}"
EndProject
Project("{8BC9CEB8-8B4A-11D0-8D11-00A0C91BC942}") = "2-6", "1-6\1-6.vcxproj", "{5D3BCD1D-EF7C-41E6-B7F8-726B5280E779}"
EndProject
Project("{8BC9CEB8-8B4A-11D0-8D11-00A0C91BC942}") = "2-7", "1-7\1-7.vcxproj", "{95D1F867-FF51-45EF-B494-DAD2C30FCA7A}"
EndProject
Project("{8BC9CEB8-8B4A-11D0-8D11-00A0C91BC942}") = "2-8", "1-8\1-8.vcxproj", "{17A51E83-4D4C-41C6-A663-ED5B4D091E30}"
EndProject
Project("{8BC9CEB8-8B4A-11D0-8D11-00A0C91BC942}") = "2-9", "1-9\1-9.vcxproj", "{A16D1DF5-1B5A-4D30-A84E-928F00824465}"
EndProject
Project("{8BC9CEB8-8B4A-11D0-8D11-00A0C91BC942}") = "2-10", "2-10\2-10.vcxproj", "{542FB0AD-589C-4216-853A-A43C26387D6D}"
EndProject
Project("{8BC9CEB8-8B4A-11D0-8D11-00A0C91BC942}") = "2-11", "2-11\2-11.vcxproj", "{096234FB-4FB8-4948-9B33-716EF6B000BD}"
EndProject
Project("{8BC9CEB8-8B4A-11D0-8D11-00A0C91BC942}") = "2-12", "2-12\2-12.vcxproj", "{9FABF0E1-5550-4202-A51E-8AF565058EAB}"
EndProject
Project("{8BC9CEB8-8B4A-11D0-8D11-00A0C91BC942}") = "2-13", "2-13\2-13.vcxproj", "{836362D8-148F-4CF4-9D23-18510A045458}"
EndProject
Project("{8BC9CEB8-8B4A-11D0-8D11-00A0C91BC942}") = "2-14", "2-14\2-14.vcxproj", "{FB7AAA61-D344-4B96-9EE7-547D9875F103}"
EndProject
Project("{8BC9CEB8-8B4A-11D0-8D11-00A0C91BC942}") = "2-15", "2-15\2-15.vcxproj", "{FEA17083-778D-411C-B0C0-92C0CF3FDA97}"
EndProject
Project("{8BC9CEB8-8B4A-11D0-8D11-00A0C91BC942}") = "2-16", "2-16\2-16.vcxproj", "{5CCED36F-5304-4656-8072-56FEA8FD343E}"
EndProject
Global
	GlobalSection(SolutionConfigurationPlatforms) = preSolution
		Debug|x64 = Debug|x64
		Debug|x86 = Debug|x86
		Release|x64 = Release|x64
		Release|x86 = Release|x86
	EndGlobalSection
	GlobalSection(ProjectConfigurationPlatforms) = postSolution
		{82A68601-5EA4-49B1-8277-5A1CA42A015A}.Debug|x64.ActiveCfg = Debug|x64
		{82A68601-5EA4-49B1-8277-5A1CA42A015A}.Debug|x64.Build.0 = Debug|x64
		{82A68601-5EA4-49B1-8277-5A1CA42A015A}.Debug|x86.ActiveCfg = Debug|Win32
		{82A68601-5EA4-49B1-8277-5A1CA42A015A}.Debug|x86.Build.0 = Debug|Win32
		{82A68601-5EA4-49B1-8277-5A1CA42A015A}.Release|x64.ActiveCfg = Release|x64
		{82A68601-5EA4-49B1-8277-5A1CA42A015A}.Release|x64.Build.0 = Release|x64
		{82A68601-5EA4-49B1-8277-5A1CA42A015A}.Release|x86.ActiveCfg = Release|Win32
		{82A68601-5EA4-49B1-8277-5A1CA42A015A}.Release|x86.Build.0 = Release|Win32
		{53C75A85-81A3-4486-AA14-C2CC5A0F65A7}.Debug|x64.ActiveCfg = Debug|x64
		{53C75A85-81A3-4486-AA14-C2CC5A0F65A7}.Debug|x64.Build.0 = Debug|x64
		{53C75A85-81A3-4486-AA14-C2CC5A0F65A7}.Debug|x86.ActiveCfg = Debug|Win32
		{53C75A85-81A3-4486-AA14-C2CC5A0F65A7}.Debug|x86.Build.0 = Debug|Win32
		{53C75A85-81A3-4486-AA14-C2CC5A0F65A7}.Release|x64.ActiveCfg = Release|x64
		{53C75A85-81A3-4486-AA14-C2CC5A0F65A7}.Release|x64.Build.0 = Release|x64
		{53C75A85-81A3-4486-AA14-C2CC5A0F65A7}.Release|x86.ActiveCfg = Release|Win32
		{53C75A85-81A3-4486-AA14-C2CC5A0F65A7}.Release|x86.Build.0 = Release|Win32
		{580A14AC-E832-4E72-BA2F-8988FA05C0FF}.Debug|x64.ActiveCfg = Debug|x64
		{580A14AC-E832-4E72-BA2F-8988FA05C0FF}.Debug|x64.Build.0 = Debug|x64
		{580A14AC-E832-4E72-BA2F-8988FA05C0FF}.Debug|x86.ActiveCfg = Debug|Win32
		{580A14AC-E832-4E72-BA2F-8988FA05C0FF}.Debug|x86.Build.0 = Debug|Win32
		{580A14AC-E832-4E72-BA2F-8988FA05C0FF}.Release|x64.ActiveCfg = Release|x64
		{580A14AC-E832-4E72-BA2F-8988FA05C0FF}.Release|x64.Build.0 = Release|x64
		{580A14AC-E832-4E72-BA2F-8988FA05C0FF}.Release|x86.ActiveCfg = Release|Win32
		{580A14AC-E832-4E72-BA2F-8988FA05C0FF}.Release|x86.Build.0 = Release|Win32
		{7F93F19F-B24F-4226-88CB-0743FACB6F52}.Debug|x64.ActiveCfg = Debug|x64
		{7F93F19F-B24F-4226-88CB-0743FACB6F52}.Debug|x64.Build.0 = Debug|x64
		{7F93F19F-B24F-4226-88CB-0743FACB6F52}.Debug|x86.ActiveCfg = Debug|Win32
		{7F93F19F-B24F-4226-88CB-0743FACB6F52}.Debug|x86.Build.0 = Debug|Win32
		{7F93F19F-B24F-4226-88CB-0743FACB6F52}.Release|x64.ActiveCfg = Release|x64
		{7F93F19F-B24F-4226-88CB-0743FACB6F52}.Release|x64.Build.0 = Release|x64
		{7F93F19F-B24F-4226-88CB-0743FACB6F52}.Release|x86.ActiveCfg = Release|Win32
		{7F93F19F-B24F-4226-88CB-0743FACB6F52}.Release|x86.Build.0 = Release|Win32
		{95162139-A2EA-42D4-B8E8-841C801F448C}.Debug|x64.ActiveCfg = Debug|x64
		{95162139-A2EA-42D4-B8E8-841C801F448C}.Debug|x64.Build.0 = Debug|x64
		{95162139-A2EA-42D4-B8E8-841C801F448C}.Debug|x86.ActiveCfg = Debug|Win32
		{95162139-A2EA-42D4-B8E8-841C801F448C}.Debug|x86.Build.0 = Debug|Win32
		{95162139-A2EA-42D4-B8E8-841C801F448C}.Release|x64.ActiveCfg = Release|x64
		{95162139-A2EA-42D4-B8E8-841C801F448C}.Release|x64.Build.0 = Release|x64
		{95162139-A2EA-42D4-B8E8-841C801F448C}.Release|x86.ActiveCfg = Release|Win32
		{95162139-A2EA-42D4-B8E8-841C801F448C}.Release|x86.Build.0 = Release|Win32
		{21BB9CCD-6D6C-43A4-97F8-A68BA2795C83}.Debug|x64.ActiveCfg = Debug|x64
		{21BB9CCD-6D6C-43A4-97F8-A68BA2795C83}.Debug|x64.Build.0 = Debug|x64
		{21BB9CCD-6D6C-43A4-97F8-A68BA2795C83}.Debug|x86.ActiveCfg = Debug|Win32
		{21BB9CCD-6D6C-43A4-97F8-A68BA2795C83}.Debug|x86.Build.0 = Debug|Win32
		{21BB9CCD-6D6C-43A4-97F8-A68BA2795C83}.Release|x64.ActiveCfg = Release|x64
		{21BB9CCD-6D6C-43A4-97F8-A68BA2795C83}.Release|x64.Build.0 = Release|x64
		{21BB9CCD-6D6C-43A4-97F8-A68BA2795C83}.Release|x86.ActiveCfg = Release|Win32
		{21BB9CCD-6D6C-43A4-97F8-A68BA2795C83}.Release|x86.Build.0 = Release|Win32
		{5D3BCD1D-EF7C-41E6-B7F8-726B5280E779}.Debug|x64.ActiveCfg = Debug|x64
		{5D3BCD1D-EF7C-41E6-B7F8-726B5280E779}.Debug|x64.Build.0 = Debug|x64
		{5D3BCD1D-EF7C-41E6-B7F8-726B5280E779}.Debug|x86.ActiveCfg = Debug|Win32
		{5D3BCD1D-EF7C-41E6-B7F8-726B5280E779}.Debug|x86.Build.0 = Debug|Win32
		{5D3BCD1D-EF7C-41E6-B7F8-726B5280E779}.Release|x64.ActiveCfg = Release|x64
		{5D3BCD1D-EF7C-41E6-B7F8-726B5280E779}.Release|x64.Build.0 = Release|x64
		{5D3BCD1D-EF7C-41E6-B7F8-726B5280E779}.Release|x86.ActiveCfg = Release|Win32
		{5D3BCD1D-EF7C-41E6-B7F8-726B5280E779}.Release|x86.Build.0 = Release|Win32
		{95D1F867-FF51-45EF-B494-DAD2C30FCA7A}.Debug|x64.ActiveCfg = Debug|x64
		{95D1F867-FF51-45EF-B494-DAD2C30FCA7A}.Debug|x64.Build.0 = Debug|x64
		{95D1F867-FF51-45EF-B494-DAD2C30FCA7A}.Debug|x86.ActiveCfg = Debug|Win32
		{95D1F867-FF51-45EF-B494-DAD2C30FCA7A}.Debug|x86.Build.0 = Debug|Win32
		{95D1F867-FF51-45EF-B494-DAD2C30FCA7A}.Release|x64.ActiveCfg = Release|x64
		{95D1F867-FF51-45EF-B494-DAD2C30FCA7A}.Release|x64.Build.0 = Release|x64
		{95D1F867-FF51-45EF-B494-DAD2C30FCA7A}.Release|x86.ActiveCfg = Release|Win32
		{95D1F867-FF51-45EF-B494-DAD2C30FCA7A}.Release|x86.Build.0 = Release|Win32
		{17A51E83-4D4C-41C6-A663-ED5B4D091E30}.Debug|x64.ActiveCfg = Debug|x64
		{17A51E83-4D4C-41C6-A663-ED5B4D091E30}.Debug|x64.Build.0 = Debug|x64
		{17A51E83-4D4C-41C6-A663-ED5B4D091E30}.Debug|x86.ActiveCfg = Debug|Win32
		{17A51E83-4D4C-41C6-A663-ED5B4D091E30}.Debug|x86.Build.0 = Debug|Win32
		{17A51E83-4D4C-41C6-A663-ED5B4D091E30}.Release|x64.ActiveCfg = Release|x64
		{17A51E83-4D4C-41C6-A663-ED5B4D091E30}.Release|x64.Build.0 = Release|x64
		{17A51E83-4D4C-41C6-A663-ED5B4D091E30}.Release|x86.ActiveCfg = Release|Win32
		{17A51E83-4D4C-41C6-A663-ED5B4D091E30}.Release|x86.Build.0 = Release|Win32
		{A16D1DF5-1B5A-4D30-A84E-928F00824465}.Debug|x64.ActiveCfg = Debug|x64
		{A16D1DF5-1B5A-4D30-A84E-928F00824465}.Debug|x64.Build.0 = Debug|x64
		{A16D1DF5-1B5A-4D30-A84E-928F00824465}.Debug|x86.ActiveCfg = Debug|Win32
		{A16D1DF5-1B5A-4D30-A84E-928F00824465}.Debug|x86.Build.0 = Debug|Win32
		{A16D1DF5-1B5A-4D30-A84E-928F00824465}.Release|x64.ActiveCfg = Release|x64
		{A16D1DF5-1B5A-4D30-A84E-928F00824465}.Release|x64.Build.0 = Release|x64
		{A16D1DF5-1B5A-4D30-A84E-928F00824465}.Release|x86.ActiveCfg = Release|Win32
		{A16D1DF5-1B5A-4D30-A84E-928F00824465}.Release|x86.Build.0 = Release|Win32
		{542FB0AD-589C-4216-853A-A43C26387D6D}.Debug|x64.ActiveCfg = Debug|x64
		{542FB0AD-589C-4216-853A-A43C26387D6D}.Debug|x64.Build.0 = Debug|x64
		{542FB0AD-589C-4216-853A-A43C26387D6D}.Debug|x86.ActiveCfg = Debug|Win32
		{542FB0AD-589C-4216-853A-A43C26387D6D}.Debug|x86.Build.0 = Debug|Win32
		{542FB0AD-589C-4216-853A-A43C26387D6D}.Release|x64.ActiveCfg = Release|x64
		{542FB0AD-589C-4216-853A-A43C26387D6D}.Release|x64.Build.0 = Release|x64
		{542FB0AD-589C-4216-853A-A43C26387D6D}.Release|x86.ActiveCfg = Release|Win32
		{542FB0AD-589C-4216-853A-A43C26387D6D}.Release|x86.Build.0 = Release|Win32
		{096234FB-4FB8-4948-9B33-716EF6B000BD}.Debug|x64.ActiveCfg = Debug|x64
		{096234FB-4FB8-4948-9B33-716EF6B000BD}.Debug|x64.Build.0 = Debug|x64
		{096234FB-4FB8-4948-9B33-716EF6B000BD}.Debug|x86.ActiveCfg = Debug|Win32
		{096234FB-4FB8-4948-9B33-716EF6B000BD}.Debug|x86.Build.0 = Debug|Win32
		{096234FB-4FB8-4948-9B33-716EF6B000BD}.Release|x64.ActiveCfg = Release|x64
		{096234FB-4FB8-4948-9B33-716EF6B000BD}.Release|x64.Build.0 = Release|x64
		{096234FB-4FB8-4948-9B33-716EF6B000BD}.Release|x86.ActiveCfg = Release|Win32
		{096234FB-4FB8-4948-9B33-716EF6B000BD}.Release|x86.Build.0 = Release|Win32
		{9FABF0E1-5550-4202-A51E-8AF565058EAB}.Debug|x64.ActiveCfg = Debug|x64
		{9FABF0E1-5550-4202-A51E-8AF565058EAB}.Debug|x64.Build.0 = Debug|x64
		{9FABF0E1-5550-4202-A51E-8AF565058EAB}.Debug|x86.ActiveCfg = Debug|Win32
		{9FABF0E1-5550-4202-A51E-8AF565058EAB}.Debug|x86.Build.0 = Debug|Win32
		{9FABF0E1-5550-4202-A51E-8AF565058EAB}.Release|x64.ActiveCfg = Release|x64
		{9FABF0E1-5550-4202-A51E-8AF565058EAB}.Release|x64.Build.0 = Release|x64
		{9FABF0E1-5550-4202-A51E-8AF565058EAB}.Release|x86.ActiveCfg = Release|Win32
		{9FABF0E1-5550-4202-A51E-8AF565058EAB}.Release|x86.Build.0 = Release|Win32
		{836362D8-148F-4CF4-9D23-18510A045458}.Debug|x64.ActiveCfg = Debug|x64
		{836362D8-148F-4CF4-9D23-18510A045458}.Debug|x64.Build.0 = Debug|x64
		{836362D8-148F-4CF4-9D23-18510A045458}.Debug|x86.ActiveCfg = Debug|Win32
		{836362D8-148F-4CF4-9D23-18510A045458}.Debug|x86.Build.0 = Debug|Win32
		{836362D8-148F-4CF4-9D23-18510A045458}.Release|x64.ActiveCfg = Release|x64
		{836362D8-148F-4CF4-9D23-18510A045458}.Release|x64.Build.0 = Release|x64
		{836362D8-148F-4CF4-9D23-18510A045458}.Release|x86.ActiveCfg = Release|Win32
		{836362D8-148F-4CF4-9D23-18510A045458}.Release|x86.Build.0 = Release|Win32
		{FB7AAA61-D344-4B96-9EE7-547D9875F103}.Debug|x64.ActiveCfg = Debug|x64
		{FB7AAA61-D344-4B96-9EE7-547D9875F103}.Debug|x64.Build.0 = Debug|x64
		{FB7AAA61-D344-4B96-9EE7-547D9875F103}.Debug|x86.ActiveCfg = Debug|Win32
		{FB7AAA61-D344-4B96-9EE7-547D9875F103}.Debug|x86.Build.0 = Debug|Win32
		{FB7AAA61-D344-4B96-9EE7-547D9875F103}.Release|x64.ActiveCfg = Release|x64
		{FB7AAA61-D344-4B96-9EE7-547D9875F103}.Release|x64.Build.0 = Release|x64
		{FB7AAA61-D344-4B96-9EE7-547D9875F103}.Release|x86.ActiveCfg = Release|Win32
		{FB7AAA61-D344-4B96-9EE7-547D9875F103}.Release|x86.Build.0 = Release|Win32
		{FEA17083-778D-411C-B0C0-92C0CF3FDA97}.Debug|x64.ActiveCfg = Debug|x64
		{FEA17083-778D-411C-B0C0-92C0CF3FDA97}.Debug|x64.Build.0 = Debug|x64
		{FEA17083-778D-411C-B0C0-92C0CF3FDA97}.Debug|x86.ActiveCfg = Debug|Win32
		{FEA17083-778D-411C-B0C0-92C0CF3FDA97}.Debug|x86.Build.0 = Debug|Win32
		{FEA17083-778D-411C-B0C0-92C0CF3FDA97}.Release|x64.ActiveCfg = Release|x64
		{FEA17083-778D-411C-B0C0-92C0CF3FDA97}.Release|x64.Build.0 = Release|x64
		{FEA17083-778D-411C-B0C0-92C0CF3FDA97}.Release|x86.ActiveCfg = Release|Win32
		{FEA17083-778D-411C-B0C0-92C0CF3FDA97}.Release|x86.Build.0 = Release|Win32
		{5CCED36F-5304-4656-8072-56FEA8FD343E}.Debug|x64.ActiveCfg = Debug|x64
		{5CCED36F-5304-4656-8072-56FEA8FD343E}.Debug|x64.Build.0 = Debug|x64
		{5CCED36F-5304-4656-8072-56FEA8FD343E}.Debug|x86.ActiveCfg = Debug|Win32
		{5CCED36F-5304-4656-8072-56FEA8FD343E}.Debug|x86.Build.0 = Debug|Win32
		{5CCED36F-5304-4656-8072-56FEA8FD343E}.Release|x64.ActiveCfg = Release|x64
		{5CCED36F-5304-4656-8072-56FEA8FD343E}.Release|x64.Build.0 = Release|x64
		{5CCED36F-5304-4656-8072-56FEA8FD343E}.Release|x86.ActiveCfg = Release|Win32
		{5CCED36F-5304-4656-8072-56FEA8FD343E}.Release|x86.Build.0 = Release|Win32
	EndGlobalSection
	GlobalSection(SolutionProperties) = preSolution
		HideSolutionNode = FALSE
	EndGlobalSection
	GlobalSection(ExtensibilityGlobals) = postSolution
		SolutionGuid = {2399FE86-0A50-4371-BE7D-D5AEE9844D63}
	EndGlobalSection
EndGlobal
