
Microsoft Visual Studio Solution File, Format Version 12.00
# Visual Studio 15
VisualStudioVersion = 15.0.28010.2036
MinimumVisualStudioVersion = 10.0.40219.1
Project("{8BC9CEB8-8B4A-11D0-8D11-00A0C91BC942}") = "9-1,2", "9-1\9-1.vcxproj", "{C2AF8BEC-9C8A-4AD7-B2AC-25964CDEB08A}"
EndProject
Project("{8BC9CEB8-8B4A-11D0-8D11-00A0C91BC942}") = "9-3,4", "9-3\9-3.vcxproj", "{7C7B3771-EF6B-47B4-B275-EB478390D67D}"
EndProject
Project("{8BC9CEB8-8B4A-11D0-8D11-00A0C91BC942}") = "9-5", "9-5\9-5.vcxproj", "{078B08EF-B7F6-4B43-9CFA-0E81B0ECC618}"
EndProject
Project("{8BC9CEB8-8B4A-11D0-8D11-00A0C91BC942}") = "9-6", "9-6\9-6.vcxproj", "{53CD5EAD-F090-4EE9-8E98-B25A66085A49}"
EndProject
Project("{8BC9CEB8-8B4A-11D0-8D11-00A0C91BC942}") = "9-7", "9-7\9-7.vcxproj", "{70975BF3-140A-40F9-95E7-8CBA40266D0F}"
EndProject
Global
	GlobalSection(SolutionConfigurationPlatforms) = preSolution
		Debug|x64 = Debug|x64
		Debug|x86 = Debug|x86
		Release|x64 = Release|x64
		Release|x86 = Release|x86
	EndGlobalSection
	GlobalSection(ProjectConfigurationPlatforms) = postSolution
		{C2AF8BEC-9C8A-4AD7-B2AC-25964CDEB08A}.Debug|x64.ActiveCfg = Debug|x64
		{C2AF8BEC-9C8A-4AD7-B2AC-25964CDEB08A}.Debug|x64.Build.0 = Debug|x64
		{C2AF8BEC-9C8A-4AD7-B2AC-25964CDEB08A}.Debug|x86.ActiveCfg = Debug|Win32
		{C2AF8BEC-9C8A-4AD7-B2AC-25964CDEB08A}.Debug|x86.Build.0 = Debug|Win32
		{C2AF8BEC-9C8A-4AD7-B2AC-25964CDEB08A}.Release|x64.ActiveCfg = Release|x64
		{C2AF8BEC-9C8A-4AD7-B2AC-25964CDEB08A}.Release|x64.Build.0 = Release|x64
		{C2AF8BEC-9C8A-4AD7-B2AC-25964CDEB08A}.Release|x86.ActiveCfg = Release|Win32
		{C2AF8BEC-9C8A-4AD7-B2AC-25964CDEB08A}.Release|x86.Build.0 = Release|Win32
		{7C7B3771-EF6B-47B4-B275-EB478390D67D}.Debug|x64.ActiveCfg = Debug|x64
		{7C7B3771-EF6B-47B4-B275-EB478390D67D}.Debug|x64.Build.0 = Debug|x64
		{7C7B3771-EF6B-47B4-B275-EB478390D67D}.Debug|x86.ActiveCfg = Debug|Win32
		{7C7B3771-EF6B-47B4-B275-EB478390D67D}.Debug|x86.Build.0 = Debug|Win32
		{7C7B3771-EF6B-47B4-B275-EB478390D67D}.Release|x64.ActiveCfg = Release|x64
		{7C7B3771-EF6B-47B4-B275-EB478390D67D}.Release|x64.Build.0 = Release|x64
		{7C7B3771-EF6B-47B4-B275-EB478390D67D}.Release|x86.ActiveCfg = Release|Win32
		{7C7B3771-EF6B-47B4-B275-EB478390D67D}.Release|x86.Build.0 = Release|Win32
		{078B08EF-B7F6-4B43-9CFA-0E81B0ECC618}.Debug|x64.ActiveCfg = Debug|x64
		{078B08EF-B7F6-4B43-9CFA-0E81B0ECC618}.Debug|x64.Build.0 = Debug|x64
		{078B08EF-B7F6-4B43-9CFA-0E81B0ECC618}.Debug|x86.ActiveCfg = Debug|Win32
		{078B08EF-B7F6-4B43-9CFA-0E81B0ECC618}.Debug|x86.Build.0 = Debug|Win32
		{078B08EF-B7F6-4B43-9CFA-0E81B0ECC618}.Release|x64.ActiveCfg = Release|x64
		{078B08EF-B7F6-4B43-9CFA-0E81B0ECC618}.Release|x64.Build.0 = Release|x64
		{078B08EF-B7F6-4B43-9CFA-0E81B0ECC618}.Release|x86.ActiveCfg = Release|Win32
		{078B08EF-B7F6-4B43-9CFA-0E81B0ECC618}.Release|x86.Build.0 = Release|Win32
		{53CD5EAD-F090-4EE9-8E98-B25A66085A49}.Debug|x64.ActiveCfg = Debug|x64
		{53CD5EAD-F090-4EE9-8E98-B25A66085A49}.Debug|x64.Build.0 = Debug|x64
		{53CD5EAD-F090-4EE9-8E98-B25A66085A49}.Debug|x86.ActiveCfg = Debug|Win32
		{53CD5EAD-F090-4EE9-8E98-B25A66085A49}.Debug|x86.Build.0 = Debug|Win32
		{53CD5EAD-F090-4EE9-8E98-B25A66085A49}.Release|x64.ActiveCfg = Release|x64
		{53CD5EAD-F090-4EE9-8E98-B25A66085A49}.Release|x64.Build.0 = Release|x64
		{53CD5EAD-F090-4EE9-8E98-B25A66085A49}.Release|x86.ActiveCfg = Release|Win32
		{53CD5EAD-F090-4EE9-8E98-B25A66085A49}.Release|x86.Build.0 = Release|Win32
		{70975BF3-140A-40F9-95E7-8CBA40266D0F}.Debug|x64.ActiveCfg = Debug|x64
		{70975BF3-140A-40F9-95E7-8CBA40266D0F}.Debug|x64.Build.0 = Debug|x64
		{70975BF3-140A-40F9-95E7-8CBA40266D0F}.Debug|x86.ActiveCfg = Debug|Win32
		{70975BF3-140A-40F9-95E7-8CBA40266D0F}.Debug|x86.Build.0 = Debug|Win32
		{70975BF3-140A-40F9-95E7-8CBA40266D0F}.Release|x64.ActiveCfg = Release|x64
		{70975BF3-140A-40F9-95E7-8CBA40266D0F}.Release|x64.Build.0 = Release|x64
		{70975BF3-140A-40F9-95E7-8CBA40266D0F}.Release|x86.ActiveCfg = Release|Win32
		{70975BF3-140A-40F9-95E7-8CBA40266D0F}.Release|x86.Build.0 = Release|Win32
	EndGlobalSection
	GlobalSection(SolutionProperties) = preSolution
		HideSolutionNode = FALSE
	EndGlobalSection
	GlobalSection(ExtensibilityGlobals) = postSolution
		SolutionGuid = {FA1A769B-3788-4910-97BC-186DFE039125}
	EndGlobalSection
EndGlobal
